
Microsoft Visual Studio Solution File, Format Version 12.00
Project("{FAE04EC0-301F-11D3-BF4B-00C04F79EFBC}") = "FlurlTestNew", "FlurlTestNew\FlurlTestNew.csproj", "{1AEF5809-E0D4-4013-8BFB-5020D2288453}"
EndProject
Project("{FAE04EC0-301F-11D3-BF4B-00C04F79EFBC}") = "BaseNew", "BaseNew\BaseNew.csproj", "{50C23046-533F-4E09-B6FF-FA07B711CDCE}"
EndProject
Project("{FAE04EC0-301F-11D3-BF4B-00C04F79EFBC}") = "BaseOld", "BaseOld\BaseOld.csproj", "{E9F52603-FFD5-4B9B-B7AD-EF72075221D4}"
EndProject
Project("{FAE04EC0-301F-11D3-BF4B-00C04F79EFBC}") = "FlurlTestOld", "FlurlTestOld\FlurlTestOld.csproj", "{AEC1955F-FCE3-4BD6-8DB5-A558811A9784}"
EndProject
Project("{2150E333-8FDC-42A3-9474-1A3956D46DE8}") = "Solution", "Solution", "{89B03AA9-CF54-4DC7-A82A-C103E1AED089}"
	ProjectSection(SolutionItems) = preProject
		.gitignore = .gitignore
		mockoon_flurl.json = mockoon_flurl.json
		README.md = README.md
	EndProjectSection
EndProject
Global
	GlobalSection(SolutionConfigurationPlatforms) = preSolution
		Debug|Any CPU = Debug|Any CPU
		Release|Any CPU = Release|Any CPU
	EndGlobalSection
	GlobalSection(ProjectConfigurationPlatforms) = postSolution
		{1AEF5809-E0D4-4013-8BFB-5020D2288453}.Debug|Any CPU.ActiveCfg = Debug|Any CPU
		{1AEF5809-E0D4-4013-8BFB-5020D2288453}.Debug|Any CPU.Build.0 = Debug|Any CPU
		{1AEF5809-E0D4-4013-8BFB-5020D2288453}.Release|Any CPU.ActiveCfg = Release|Any CPU
		{1AEF5809-E0D4-4013-8BFB-5020D2288453}.Release|Any CPU.Build.0 = Release|Any CPU
		{50C23046-533F-4E09-B6FF-FA07B711CDCE}.Debug|Any CPU.ActiveCfg = Debug|Any CPU
		{50C23046-533F-4E09-B6FF-FA07B711CDCE}.Debug|Any CPU.Build.0 = Debug|Any CPU
		{50C23046-533F-4E09-B6FF-FA07B711CDCE}.Release|Any CPU.ActiveCfg = Release|Any CPU
		{50C23046-533F-4E09-B6FF-FA07B711CDCE}.Release|Any CPU.Build.0 = Release|Any CPU
		{E9F52603-FFD5-4B9B-B7AD-EF72075221D4}.Debug|Any CPU.ActiveCfg = Debug|Any CPU
		{E9F52603-FFD5-4B9B-B7AD-EF72075221D4}.Debug|Any CPU.Build.0 = Debug|Any CPU
		{E9F52603-FFD5-4B9B-B7AD-EF72075221D4}.Release|Any CPU.ActiveCfg = Release|Any CPU
		{E9F52603-FFD5-4B9B-B7AD-EF72075221D4}.Release|Any CPU.Build.0 = Release|Any CPU
		{AEC1955F-FCE3-4BD6-8DB5-A558811A9784}.Debug|Any CPU.ActiveCfg = Debug|Any CPU
		{AEC1955F-FCE3-4BD6-8DB5-A558811A9784}.Debug|Any CPU.Build.0 = Debug|Any CPU
		{AEC1955F-FCE3-4BD6-8DB5-A558811A9784}.Release|Any CPU.ActiveCfg = Release|Any CPU
		{AEC1955F-FCE3-4BD6-8DB5-A558811A9784}.Release|Any CPU.Build.0 = Release|Any CPU
	EndGlobalSection
EndGlobal
